{
	"name": "sample-app",
	"version": "1.0.0",
	"lockfileVersion": 3,
	"requires": true,
	"packages": {
		"": {
			"name": "sample-app",
			"version": "1.0.0",
			"workspaces": [
				"src",
				"api"
			],
			"dependencies": {
				"dompurify": "^3.2.3",
				"marked": "^15.0.6",
				"wirejs-dom": "^1.0.38",
				"wirejs-resources": "file:../../packages/create-wirejs-app/packages/wirejs-resources"
			},
			"devDependencies": {
				"typescript": "^5.7.3",
				"wirejs-scripts": "file:../../packages/create-wirejs-app/packages/wirejs-scripts"
			}
		},
		"../../packages/create-wirejs-app/packages/wirejs-resources": {
			"version": "0.1.9-alpha",
			"license": "AGPL-3.0-only",
			"dependencies": {
				"jose": "^5.9.6"
			},
			"devDependencies": {
				"typescript": "^5.7.3"
			}
		},
		"../../packages/create-wirejs-app/packages/wirejs-scripts": {
			"version": "3.0.4",
			"dev": true,
			"license": "AGPL-3.0-only",
			"dependencies": {
				"copy-webpack-plugin": "^10.2.4",
				"css-loader": "^5.2.0",
				"esbuild": "^0.24.2",
				"file-loader": "^6.2.0",
				"glob": "^7.2.0",
				"jsdom": "^25.0.1",
				"marked": "^2.0.1",
				"raw-loader": "^4.0.2",
				"rimraf": "^6.0.1",
				"style-loader": "^2.0.0",
				"webpack": "^5.97.1",
				"wirejs-dom": "^1.0.36"
			},
			"bin": {
				"wirejs-scripts": "bin.js"
			}
		},
		"api": {
			"name": "my-api",
			"version": "1.0.0"
		},
		"node_modules/@types/trusted-types": {
			"version": "2.0.7",
			"resolved": "https://registry.npmjs.org/@types/trusted-types/-/trusted-types-2.0.7.tgz",
			"integrity": "sha512-ScaPdn1dQczgbl0QFTeTOmVHFULt394XJgOQNoyVhZ6r2vLnMLJfBPd53SB52T/3G36VI1/g2MZaX0cwDuXsfw==",
			"license": "MIT",
			"optional": true
		},
		"node_modules/dompurify": {
			"version": "3.2.3",
			"resolved": "https://registry.npmjs.org/dompurify/-/dompurify-3.2.3.tgz",
			"integrity": "sha512-U1U5Hzc2MO0oW3DF+G9qYN0aT7atAou4AgI0XjWz061nyBPbdxkfdhfy5uMgGn6+oLFCfn44ZGbdDqCzVmlOWA==",
			"license": "(MPL-2.0 OR Apache-2.0)",
			"optionalDependencies": {
				"@types/trusted-types": "^2.0.7"
			}
		},
		"node_modules/marked": {
			"version": "15.0.6",
			"resolved": "https://registry.npmjs.org/marked/-/marked-15.0.6.tgz",
			"integrity": "sha512-Y07CUOE+HQXbVDCGl3LXggqJDbXDP2pArc2C1N1RRMN0ONiShoSsIInMd5Gsxupe7fKLpgimTV+HOJ9r7bA+pg==",
			"license": "MIT",
			"bin": {
				"marked": "bin/marked.js"
			},
			"engines": {
				"node": ">= 18"
			}
		},
		"node_modules/my-api": {
			"resolved": "api",
			"link": true
		},
		"node_modules/src": {
			"resolved": "src",
			"link": true
		},
		"node_modules/typescript": {
			"version": "5.7.3",
			"resolved": "https://registry.npmjs.org/typescript/-/typescript-5.7.3.tgz",
			"integrity": "sha512-84MVSjMEHP+FQRPy3pX9sTVV/INIex71s9TL2Gm5FG/WG1SqXeKyZ0k7/blY/4FdOzI12CBy1vGc4og/eus0fw==",
			"dev": true,
			"license": "Apache-2.0",
			"bin": {
				"tsc": "bin/tsc",
				"tsserver": "bin/tsserver"
			},
			"engines": {
				"node": ">=14.17"
			}
		},
		"node_modules/wirejs-dom": {
			"version": "1.0.38",
			"resolved": "https://registry.npmjs.org/wirejs-dom/-/wirejs-dom-1.0.38.tgz",
			"integrity": "sha512-FIeJAnw1w5t360GMTDX4gv0xNjWHu3c4f3yMgfw2ljB2NKwdp4CuOKAIqCeMjfOROnl3iqbs7vK3X31eRF6j/g==",
			"license": "MIT"
		},
		"node_modules/wirejs-resources": {
			"resolved": "../../packages/create-wirejs-app/packages/wirejs-resources",
			"link": true
		},
		"node_modules/wirejs-scripts": {
			"resolved": "../../packages/create-wirejs-app/packages/wirejs-scripts",
			"link": true
		},
		"src": {
			"version": "2.0.0",
			"dependencies": {
				"my-api": "*",
				"wirejs-dom": "*"
			}
		}
	}
}
